
Microsoft Visual Studio Solution File, Format Version 12.00
# Visual Studio Version 16
VisualStudioVersion = 16.0.30011.22
MinimumVisualStudioVersion = 10.0.40219.1
Project("{FAE04EC0-301F-11D3-BF4B-00C04F79EFBC}") = "VueTestAppRobert_Marius", "VueTestAppRobert_Marius\VueTestAppRobert_Marius.csproj", "{DB896DE0-B8EA-4884-AEFE-EE701D6B5EE0}"
EndProject
Global
	GlobalSection(SolutionConfigurationPlatforms) = preSolution
		Debug|Any CPU = Debug|Any CPU
		Release|Any CPU = Release|Any CPU
	EndGlobalSection
	GlobalSection(ProjectConfigurationPlatforms) = postSolution
		{DB896DE0-B8EA-4884-AEFE-EE701D6B5EE0}.Debug|Any CPU.ActiveCfg = Debug|Any CPU
		{DB896DE0-B8EA-4884-AEFE-EE701D6B5EE0}.Debug|Any CPU.Build.0 = Debug|Any CPU
		{DB896DE0-B8EA-4884-AEFE-EE701D6B5EE0}.Release|Any CPU.ActiveCfg = Release|Any CPU
		{DB896DE0-B8EA-4884-AEFE-EE701D6B5EE0}.Release|Any CPU.Build.0 = Release|Any CPU
	EndGlobalSection
	GlobalSection(SolutionProperties) = preSolution
		HideSolutionNode = FALSE
	EndGlobalSection
	GlobalSection(ExtensibilityGlobals) = postSolution
		SolutionGuid = {9EA15119-FC68-493F-BD8C-2DED4F373ACA}
	EndGlobalSection
EndGlobal
